
Microsoft Visual Studio Solution File, Format Version 12.00
# Visual Studio Version 16
VisualStudioVersion = 16.0.31624.102
MinimumVisualStudioVersion = 10.0.40219.1
Project("{888888A0-9F3D-457C-B088-3A5042F75D52}") = "lab_9_Python", "lab_9_Python\lab_9_Python.pyproj", "{68084AE3-B1EB-402A-A6E4-27A489945938}"
EndProject
Global
	GlobalSection(SolutionConfigurationPlatforms) = preSolution
		Debug|Any CPU = Debug|Any CPU
		Release|Any CPU = Release|Any CPU
	EndGlobalSection
	GlobalSection(ProjectConfigurationPlatforms) = postSolution
		{68084AE3-B1EB-402A-A6E4-27A489945938}.Debug|Any CPU.ActiveCfg = Debug|Any CPU
		{68084AE3-B1EB-402A-A6E4-27A489945938}.Release|Any CPU.ActiveCfg = Release|Any CPU
	EndGlobalSection
	GlobalSection(SolutionProperties) = preSolution
		HideSolutionNode = FALSE
	EndGlobalSection
	GlobalSection(ExtensibilityGlobals) = postSolution
		SolutionGuid = {D78299CB-D7B4-47F2-87A6-C65C7C978492}
	EndGlobalSection
EndGlobal
